// !$*UTF8*$!
{
	archiveVersion = 1;
	classes = {
	};
	objectVersion = 46;
	objects = {

/* Begin PBXBuildFile section */
		BAD52DA61B4F70E000AF7076 /* main.m in Sources */ = {isa = PBXBuildFile; fileRef = BAD52DA51B4F70E000AF7076 /* main.m */; };
		BAD52DA91B4F70E000AF7076 /* AppDelegate.m in Sources */ = {isa = PBXBuildFile; fileRef = BAD52DA81B4F70E000AF7076 /* AppDelegate.m */; };
		BAD52DAC1B4F70E000AF7076 /* ViewController.m in Sources */ = {isa = PBXBuildFile; fileRef = BAD52DAB1B4F70E000AF7076 /* ViewController.m */; };
		BAD52DAF1B4F70E000AF7076 /* Main.storyboard in Resources */ = {isa = PBXBuildFile; fileRef = BAD52DAD1B4F70E000AF7076 /* Main.storyboard */; };
		BAD52DB11B4F70E000AF7076 /* Images.xcassets in Resources */ = {isa = PBXBuildFile; fileRef = BAD52DB01B4F70E000AF7076 /* Images.xcassets */; };
		BAD52DB41B4F70E000AF7076 /* LaunchScreen.xib in Resources */ = {isa = PBXBuildFile; fileRef = BAD52DB21B4F70E000AF7076 /* LaunchScreen.xib */; };
		BAD52DC01B4F70E000AF7076 /* FunFactsTests.m in Sources */ = {isa = PBXBuildFile; fileRef = BAD52DBF1B4F70E000AF7076 /* FunFactsTests.m */; };
/* End PBXBuildFile section */

/* Begin PBXContainerItemProxy section */
		BAD52DBA1B4F70E000AF7076 /* PBXContainerItemProxy */ = {
			isa = PBXContainerItemProxy;
			containerPortal = BAD52D981B4F70E000AF7076 /* Project object */;
			proxyType = 1;
			remoteGlobalIDString = BAD52D9F1B4F70E000AF7076;
			remoteInfo = FunFacts;
		};
/* End PBXContainerItemProxy section */

/* Begin PBXFileReference section */
		BAD52DA01B4F70E000AF7076 /* FunFacts.app */ = {isa = PBXFileReference; explicitFileType = wrapper.application; includeInIndex = 0; path = FunFacts.app; sourceTree = BUILT_PRODUCTS_DIR; };
		BAD52DA41B4F70E000AF7076 /* Info.plist */ = {isa = PBXFileReference; lastKnownFileType = text.plist.xml; path = Info.plist; sourceTree = "<group>"; };
		BAD52DA51B4F70E000AF7076 /* main.m */ = {isa = PBXFileReference; lastKnownFileType = sourcecode.c.objc; path = main.m; sourceTree = "<group>"; };
		BAD52DA71B4F70E000AF7076 /* AppDelegate.h */ = {isa = PBXFileReference; lastKnownFileType = sourcecode.c.h; path = AppDelegate.h; sourceTree = "<group>"; };
		BAD52DA81B4F70E000AF7076 /* AppDelegate.m */ = {isa = PBXFileReference; lastKnownFileType = sourcecode.c.objc; path = AppDelegate.m; sourceTree = "<group>"; };
		BAD52DAA1B4F70E000AF7076 /* ViewController.h */ = {isa = PBXFileReference; lastKnownFileType = sourcecode.c.h; path = ViewController.h; sourceTree = "<group>"; };
		BAD52DAB1B4F70E000AF7076 /* ViewController.m */ = {isa = PBXFileReference; lastKnownFileType = sourcecode.c.objc; path = ViewController.m; sourceTree = "<group>"; };
		BAD52DAE1B4F70E000AF7076 /* Base */ = {isa = PBXFileReference; lastKnownFileType = file.storyboard; name = Base; path = Base.lproj/Main.storyboard; sourceTree = "<group>"; };
		BAD52DB01B4F70E000AF7076 /* Images.xcassets */ = {isa = PBXFileReference; lastKnownFileType = folder.assetcatalog; path = Images.xcassets; sourceTree = "<group>"; };
		BAD52DB31B4F70E000AF7076 /* Base */ = {isa = PBXFileReference; lastKnownFileType = file.xib; name = Base; path = Base.lproj/LaunchScreen.xib; sourceTree = "<group>"; };
		BAD52DB91B4F70E000AF7076 /* FunFactsTests.xctest */ = {isa = PBXFileReference; explicitFileType = wrapper.cfbundle; includeInIndex = 0; path = FunFactsTests.xctest; sourceTree = BUILT_PRODUCTS_DIR; };
		BAD52DBE1B4F70E000AF7076 /* Info.plist */ = {isa = PBXFileReference; lastKnownFileType = text.plist.xml; path = Info.plist; sourceTree = "<group>"; };
		BAD52DBF1B4F70E000AF7076 /* FunFactsTests.m */ = {isa = PBXFileReference; lastKnownFileType = sourcecode.c.objc; path = FunFactsTests.m; sourceTree = "<group>"; };
/* End PBXFileReference section */

/* Begin PBXFrameworksBuildPhase section */
		BAD52D9D1B4F70E000AF7076 /* Frameworks */ = {
			isa = PBXFrameworksBuildPhase;
			buildActionMask = 2147483647;
			files = (
			);
			runOnlyForDeploymentPostprocessing = 0;
		};
		BAD52DB61B4F70E000AF7076 /* Frameworks */ = {
			isa = PBXFrameworksBuildPhase;
			buildActionMask = 2147483647;
			files = (
			);
			runOnlyForDeploymentPostprocessing = 0;
		};
/* End PBXFrameworksBuildPhase section */

/* Begin PBXGroup section */
		BAD52D971B4F70E000AF7076 = {
			isa = PBXGroup;
			children = (
				BAD52DA21B4F70E000AF7076 /* FunFacts */,
				BAD52DBC1B4F70E000AF7076 /* FunFactsTests */,
				BAD52DA11B4F70E000AF7076 /* Products */,
			);
			sourceTree = "<group>";
		};
		BAD52DA11B4F70E000AF7076 /* Products */ = {
			isa = PBXGroup;
			children = (
				BAD52DA01B4F70E000AF7076 /* FunFacts.app */,
				BAD52DB91B4F70E000AF7076 /* FunFactsTests.xctest */,
			);
			name = Products;
			sourceTree = "<group>";
		};
		BAD52DA21B4F70E000AF7076 /* FunFacts */ = {
			isa = PBXGroup;
			children = (
				BAD52DA71B4F70E000AF7076 /* AppDelegate.h */,
				BAD52DA81B4F70E000AF7076 /* AppDelegate.m */,
				BAD52DAA1B4F70E000AF7076 /* ViewController.h */,
				BAD52DAB1B4F70E000AF7076 /* ViewController.m */,
				BAD52DAD1B4F70E000AF7076 /* Main.storyboard */,
				BAD52DB01B4F70E000AF7076 /* Images.xcassets */,
				BAD52DB21B4F70E000AF7076 /* LaunchScreen.xib */,
				BAD52DA31B4F70E000AF7076 /* Supporting Files */,
			);
			path = FunFacts;
			sourceTree = "<group>";
		};
		BAD52DA31B4F70E000AF7076 /* Supporting Files */ = {
			isa = PBXGroup;
			children = (
				BAD52DA41B4F70E000AF7076 /* Info.plist */,
				BAD52DA51B4F70E000AF7076 /* main.m */,
			);
			name = "Supporting Files";
			sourceTree = "<group>";
		};
		BAD52DBC1B4F70E000AF7076 /* FunFactsTests */ = {
			isa = PBXGroup;
			children = (
				BAD52DBF1B4F70E000AF7076 /* FunFactsTests.m */,
				BAD52DBD1B4F70E000AF7076 /* Supporting Files */,
			);
			path = FunFactsTests;
			sourceTree = "<group>";
		};
		BAD52DBD1B4F70E000AF7076 /* Supporting Files */ = {
			isa = PBXGroup;
			children = (
				BAD52DBE1B4F70E000AF7076 /* Info.plist */,
			);
			name = "Supporting Files";
			sourceTree = "<group>";
		};
/* End PBXGroup section */

/* Begin PBXNativeTarget section */
		BAD52D9F1B4F70E000AF7076 /* FunFacts */ = {
			isa = PBXNativeTarget;
			buildConfigurationList = BAD52DC31B4F70E000AF7076 /* Build configuration list for PBXNativeTarget "FunFacts" */;
			buildPhases = (
				BAD52D9C1B4F70E000AF7076 /* Sources */,
				BAD52D9D1B4F70E000AF7076 /* Frameworks */,
				BAD52D9E1B4F70E000AF7076 /* Resources */,
			);
			buildRules = (
			);
			dependencies = (
			);
			name = FunFacts;
			productName = FunFacts;
			productReference = BAD52DA01B4F70E000AF7076 /* FunFacts.app */;
			productType = "com.apple.product-type.application";
		};
		BAD52DB81B4F70E000AF7076 /* FunFactsTests */ = {
			isa = PBXNativeTarget;
			buildConfigurationList = BAD52DC61B4F70E000AF7076 /* Build configuration list for PBXNativeTarget "FunFactsTests" */;
			buildPhases = (
				BAD52DB51B4F70E000AF7076 /* Sources */,
				BAD52DB61B4F70E000AF7076 /* Frameworks */,
				BAD52DB71B4F70E000AF7076 /* Resources */,
			);
			buildRules = (
			);
			dependencies = (
				BAD52DBB1B4F70E000AF7076 /* PBXTargetDependency */,
			);
			name = FunFactsTests;
			productName = FunFactsTests;
			productReference = BAD52DB91B4F70E000AF7076 /* FunFactsTests.xctest */;
			productType = "com.apple.product-type.bundle.unit-test";
		};
/* End PBXNativeTarget section */

/* Begin PBXProject section */
		BAD52D981B4F70E000AF7076 /* Project object */ = {
			isa = PBXProject;
			attributes = {
				LastUpgradeCheck = 0640;
				ORGANIZATIONNAME = "Charles Wesley Cho";
				TargetAttributes = {
					BAD52D9F1B4F70E000AF7076 = {
						CreatedOnToolsVersion = 6.4;
					};
					BAD52DB81B4F70E000AF7076 = {
						CreatedOnToolsVersion = 6.4;
						TestTargetID = BAD52D9F1B4F70E000AF7076;
					};
				};
			};
			buildConfigurationList = BAD52D9B1B4F70E000AF7076 /* Build configuration list for PBXProject "FunFacts" */;
			compatibilityVersion = "Xcode 3.2";
			developmentRegion = English;
			hasScannedForEncodings = 0;
			knownRegions = (
				en,
				Base,
			);
			mainGroup = BAD52D971B4F70E000AF7076;
			productRefGroup = BAD52DA11B4F70E000AF7076 /* Products */;
			projectDirPath = "";
			projectRoot = "";
			targets = (
				BAD52D9F1B4F70E000AF7076 /* FunFacts */,
				BAD52DB81B4F70E000AF7076 /* FunFactsTests */,
			);
		};
/* End PBXProject section */

/* Begin PBXResourcesBuildPhase section */
		BAD52D9E1B4F70E000AF7076 /* Resources */ = {
			isa = PBXResourcesBuildPhase;
			buildActionMask = 2147483647;
			files = (
				BAD52DAF1B4F70E000AF7076 /* Main.storyboard in Resources */,
				BAD52DB41B4F70E000AF7076 /* LaunchScreen.xib in Resources */,
				BAD52DB11B4F70E000AF7076 /* Images.xcassets in Resources */,
			);
			runOnlyForDeploymentPostprocessing = 0;
		};
		BAD52DB71B4F70E000AF7076 /* Resources */ = {
			isa = PBXResourcesBuildPhase;
			buildActionMask = 2147483647;
			files = (
			);
			runOnlyForDeploymentPostprocessing = 0;
		};
/* End PBXResourcesBuildPhase section */

/* Begin PBXSourcesBuildPhase section */
		BAD52D9C1B4F70E000AF7076 /* Sources */ = {
			isa = PBXSourcesBuildPhase;
			buildActionMask = 2147483647;
			files = (
				BAD52DAC1B4F70E000AF7076 /* ViewController.m in Sources */,
				BAD52DA91B4F70E000AF7076 /* AppDelegate.m in Sources */,
				BAD52DA61B4F70E000AF7076 /* main.m in Sources */,
			);
			runOnlyForDeploymentPostprocessing = 0;
		};
		BAD52DB51B4F70E000AF7076 /* Sources */ = {
			isa = PBXSourcesBuildPhase;
			buildActionMask = 2147483647;
			files = (
				BAD52DC01B4F70E000AF7076 /* FunFactsTests.m in Sources */,
			);
			runOnlyForDeploymentPostprocessing = 0;
		};
/* End PBXSourcesBuildPhase section */

/* Begin PBXTargetDependency section */
		BAD52DBB1B4F70E000AF7076 /* PBXTargetDependency */ = {
			isa = PBXTargetDependency;
			target = BAD52D9F1B4F70E000AF7076 /* FunFacts */;
			targetProxy = BAD52DBA1B4F70E000AF7076 /* PBXContainerItemProxy */;
		};
/* End PBXTargetDependency section */

/* Begin PBXVariantGroup section */
		BAD52DAD1B4F70E000AF7076 /* Main.storyboard */ = {
			isa = PBXVariantGroup;
			children = (
				BAD52DAE1B4F70E000AF7076 /* Base */,
			);
			name = Main.storyboard;
			sourceTree = "<group>";
		};
		BAD52DB21B4F70E000AF7076 /* LaunchScreen.xib */ = {
			isa = PBXVariantGroup;
			children = (
				BAD52DB31B4F70E000AF7076 /* Base */,
			);
			name = LaunchScreen.xib;
			sourceTree = "<group>";
		};
/* End PBXVariantGroup section */

/* Begin XCBuildConfiguration section */
		BAD52DC11B4F70E000AF7076 /* Debug */ = {
			isa = XCBuildConfiguration;
			buildSettings = {
				ALWAYS_SEARCH_USER_PATHS = NO;
				CLANG_CXX_LANGUAGE_STANDARD = "gnu++0x";
				CLANG_CXX_LIBRARY = "libc++";
				CLANG_ENABLE_MODULES = YES;
				CLANG_ENABLE_OBJC_ARC = YES;
				CLANG_WARN_BOOL_CONVERSION = YES;
				CLANG_WARN_CONSTANT_CONVERSION = YES;
				CLANG_WARN_DIRECT_OBJC_ISA_USAGE = YES_ERROR;
				CLANG_WARN_EMPTY_BODY = YES;
				CLANG_WARN_ENUM_CONVERSION = YES;
				CLANG_WARN_INT_CONVERSION = YES;
				CLANG_WARN_OBJC_ROOT_CLASS = YES_ERROR;
				CLANG_WARN_UNREACHABLE_CODE = YES;
				CLANG_WARN__DUPLICATE_METHOD_MATCH = YES;
				"CODE_SIGN_IDENTITY[sdk=iphoneos*]" = "iPhone Developer";
				COPY_PHASE_STRIP = NO;
				DEBUG_INFORMATION_FORMAT = "dwarf-with-dsym";
				ENABLE_STRICT_OBJC_MSGSEND = YES;
				GCC_C_LANGUAGE_STANDARD = gnu99;
				GCC_DYNAMIC_NO_PIC = NO;
				GCC_NO_COMMON_BLOCKS = YES;
				GCC_OPTIMIZATION_LEVEL = 0;
				GCC_PREPROCESSOR_DEFINITIONS = (
					"DEBUG=1",
					"$(inherited)",
				);
				GCC_SYMBOLS_PRIVATE_EXTERN = NO;
				GCC_WARN_64_TO_32_BIT_CONVERSION = YES;
				GCC_WARN_ABOUT_RETURN_TYPE = YES_ERROR;
				GCC_WARN_UNDECLARED_SELECTOR = YES;
				GCC_WARN_UNINITIALIZED_AUTOS = YES_AGGRESSIVE;
				GCC_WARN_UNUSED_FUNCTION = YES;
				GCC_WARN_UNUSED_VARIABLE = YES;
				IPHONEOS_DEPLOYMENT_TARGET = 8.4;
				MTL_ENABLE_DEBUG_INFO = YES;
				ONLY_ACTIVE_ARCH = YES;
				SDKROOT = iphoneos;
				TARGETED_DEVICE_FAMILY = "1,2";
			};
			name = Debug;
		};
		BAD52DC21B4F70E000AF7076 /* Release */ = {
			isa = XCBuildConfiguration;
			buildSettings = {
				ALWAYS_SEARCH_USER_PATHS = NO;
				CLANG_CXX_LANGUAGE_STANDARD = "gnu++0x";
				CLANG_CXX_LIBRARY = "libc++";
				CLANG_ENABLE_MODULES = YES;
				CLANG_ENABLE_OBJC_ARC = YES;
				CLANG_WARN_BOOL_CONVERSION = YES;
				CLANG_WARN_CONSTANT_CONVERSION = YES;
				CLANG_WARN_DIRECT_OBJC_ISA_USAGE = YES_ERROR;
				CLANG_WARN_EMPTY_BODY = YES;
				CLANG_WARN_ENUM_CONVERSION = YES;
				CLANG_WARN_INT_CONVERSION = YES;
				CLANG_WARN_OBJC_ROOT_CLASS = YES_ERROR;
				CLANG_WARN_UNREACHABLE_CODE = YES;
				CLANG_WARN__DUPLICATE_METHOD_MATCH = YES;
				"CODE_SIGN_IDENTITY[sdk=iphoneos*]" = "iPhone Developer";
				COPY_PHASE_STRIP = NO;
				DEBUG_INFORMATION_FORMAT = "dwarf-with-dsym";
				ENABLE_NS_ASSERTIONS = NO;
				ENABLE_STRICT_OBJC_MSGSEND = YES;
				GCC_C_LANGUAGE_STANDARD = gnu99;
				GCC_NO_COMMON_BLOCKS = YES;
				GCC_WARN_64_TO_32_BIT_CONVERSION = YES;
				GCC_WARN_ABOUT_RETURN_TYPE = YES_ERROR;
				GCC_WARN_UNDECLARED_SELECTOR = YES;
				GCC_WARN_UNINITIALIZED_AUTOS = YES_AGGRESSIVE;
				GCC_WARN_UNUSED_FUNCTION = YES;
				GCC_WARN_UNUSED_VARIABLE = YES;
				IPHONEOS_DEPLOYMENT_TARGET = 8.4;
				MTL_ENABLE_DEBUG_INFO = NO;
				SDKROOT = iphoneos;
				TARGETED_DEVICE_FAMILY = "1,2";
				VALIDATE_PRODUCT = YES;
			};
			name = Release;
		};
		BAD52DC41B4F70E000AF7076 /* Debug */ = {
			isa = XCBuildConfiguration;
			buildSettings = {
				ASSETCATALOG_COMPILER_APPICON_NAME = AppIcon;
				INFOPLIST_FILE = FunFacts/Info.plist;
				LD_RUNPATH_SEARCH_PATHS = "$(inherited) @executable_path/Frameworks";
				PRODUCT_NAME = "$(TARGET_NAME)";
			};
			name = Debug;
		};
		BAD52DC51B4F70E000AF7076 /* Release */ = {
			isa = XCBuildConfiguration;
			buildSettings = {
				ASSETCATALOG_COMPILER_APPICON_NAME = AppIcon;
				INFOPLIST_FILE = FunFacts/Info.plist;
				LD_RUNPATH_SEARCH_PATHS = "$(inherited) @executable_path/Frameworks";
				PRODUCT_NAME = "$(TARGET_NAME)";
			};
			name = Release;
		};
		BAD52DC71B4F70E000AF7076 /* Debug */ = {
			isa = XCBuildConfiguration;
			buildSettings = {
				BUNDLE_LOADER = "$(TEST_HOST)";
				FRAMEWORK_SEARCH_PATHS = (
					"$(SDKROOT)/Developer/Library/Frameworks",
					"$(inherited)",
				);
				GCC_PREPROCESSOR_DEFINITIONS = (
					"DEBUG=1",
					"$(inherited)",
				);
				INFOPLIST_FILE = FunFactsTests/Info.plist;
				LD_RUNPATH_SEARCH_PATHS = "$(inherited) @executable_path/Frameworks @loader_path/Frameworks";
				PRODUCT_NAME = "$(TARGET_NAME)";
				TEST_HOST = "$(BUILT_PRODUCTS_DIR)/FunFacts.app/FunFacts";
			};
			name = Debug;
		};
		BAD52DC81B4F70E000AF7076 /* Release */ = {
			isa = XCBuildConfiguration;
			buildSettings = {
				BUNDLE_LOADER = "$(TEST_HOST)";
				FRAMEWORK_SEARCH_PATHS = (
					"$(SDKROOT)/Developer/Library/Frameworks",
					"$(inherited)",
				);
				INFOPLIST_FILE = FunFactsTests/Info.plist;
				LD_RUNPATH_SEARCH_PATHS = "$(inherited) @executable_path/Frameworks @loader_path/Frameworks";
				PRODUCT_NAME = "$(TARGET_NAME)";
				TEST_HOST = "$(BUILT_PRODUCTS_DIR)/FunFacts.app/FunFacts";
			};
			name = Release;
		};
/* End XCBuildConfiguration section */

/* Begin XCConfigurationList section */
		BAD52D9B1B4F70E000AF7076 /* Build configuration list for PBXProject "FunFacts" */ = {
			isa = XCConfigurationList;
			buildConfigurations = (
				BAD52DC11B4F70E000AF7076 /* Debug */,
				BAD52DC21B4F70E000AF7076 /* Release */,
			);
			defaultConfigurationIsVisible = 0;
			defaultConfigurationName = Release;
		};
		BAD52DC31B4F70E000AF7076 /* Build configuration list for PBXNativeTarget "FunFacts" */ = {
			isa = XCConfigurationList;
			buildConfigurations = (
				BAD52DC41B4F70E000AF7076 /* Debug */,
				BAD52DC51B4F70E000AF7076 /* Release */,
			);
			defaultConfigurationIsVisible = 0;
		};
		BAD52DC61B4F70E000AF7076 /* Build configuration list for PBXNativeTarget "FunFactsTests" */ = {
			isa = XCConfigurationList;
			buildConfigurations = (
				BAD52DC71B4F70E000AF7076 /* Debug */,
				BAD52DC81B4F70E000AF7076 /* Release */,
			);
			defaultConfigurationIsVisible = 0;
		};
/* End XCConfigurationList section */
	};
	rootObject = BAD52D981B4F70E000AF7076 /* Project object */;
}
